
Microsoft Visual Studio Solution File, Format Version 12.00
# Visual Studio 15
VisualStudioVersion = 15.0.28307.572
MinimumVisualStudioVersion = 10.0.40219.1
Project("{FAE04EC0-301F-11D3-BF4B-00C04F79EFBC}") = "Automation1", "Automation1\Automation1.csproj", "{8D979FF3-4D19-4FBD-B46F-D8F74E2C5592}"
EndProject
Global
	GlobalSection(SolutionConfigurationPlatforms) = preSolution
		Debug|Any CPU = Debug|Any CPU
		Release|Any CPU = Release|Any CPU
	EndGlobalSection
	GlobalSection(ProjectConfigurationPlatforms) = postSolution
		{8D979FF3-4D19-4FBD-B46F-D8F74E2C5592}.Debug|Any CPU.ActiveCfg = Debug|Any CPU
		{8D979FF3-4D19-4FBD-B46F-D8F74E2C5592}.Debug|Any CPU.Build.0 = Debug|Any CPU
		{8D979FF3-4D19-4FBD-B46F-D8F74E2C5592}.Release|Any CPU.ActiveCfg = Release|Any CPU
		{8D979FF3-4D19-4FBD-B46F-D8F74E2C5592}.Release|Any CPU.Build.0 = Release|Any CPU
	EndGlobalSection
	GlobalSection(SolutionProperties) = preSolution
		HideSolutionNode = FALSE
	EndGlobalSection
	GlobalSection(ExtensibilityGlobals) = postSolution
		SolutionGuid = {D5542182-64E5-4B0E-B1F9-BEA1926BC08D}
	EndGlobalSection
EndGlobal
